// !$*UTF8*$!
{
	archiveVersion = 1;
	classes = {
	};
	objectVersion = 50;
	objects = {

/* Begin PBXBuildFile section */
		260A2851213CE44800FBDE8D /* AppDelegate.swift in Sources */ = {isa = PBXBuildFile; fileRef = 260A2850213CE44800FBDE8D /* AppDelegate.swift */; };
		260A2856213CE44800FBDE8D /* Main.storyboard in Resources */ = {isa = PBXBuildFile; fileRef = 260A2854213CE44800FBDE8D /* Main.storyboard */; };
		260A2858213CE44B00FBDE8D /* Assets.xcassets in Resources */ = {isa = PBXBuildFile; fileRef = 260A2857213CE44B00FBDE8D /* Assets.xcassets */; };
		260A285B213CE44B00FBDE8D /* LaunchScreen.storyboard in Resources */ = {isa = PBXBuildFile; fileRef = 260A2859213CE44B00FBDE8D /* LaunchScreen.storyboard */; };
		260A2866213CE44B00FBDE8D /* WYBTests.swift in Sources */ = {isa = PBXBuildFile; fileRef = 260A2865213CE44B00FBDE8D /* WYBTests.swift */; };
		260A2871213CE44B00FBDE8D /* WYBUITests.swift in Sources */ = {isa = PBXBuildFile; fileRef = 260A2870213CE44B00FBDE8D /* WYBUITests.swift */; };
		26685A87213CF92700988B68 /* NetworkClient.swift in Sources */ = {isa = PBXBuildFile; fileRef = 26685A86213CF92700988B68 /* NetworkClient.swift */; };
		26B032E1213CEBDF005D9CC7 /* LoginViewController.swift in Sources */ = {isa = PBXBuildFile; fileRef = 26B032E0213CEBDF005D9CC7 /* LoginViewController.swift */; };
		26F9DFDA214078430035F1A5 /* RequestsViewController.swift in Sources */ = {isa = PBXBuildFile; fileRef = 26F9DFD9214078430035F1A5 /* RequestsViewController.swift */; };
		26F9DFE02140791A0035F1A5 /* CollectionViewCell.swift in Sources */ = {isa = PBXBuildFile; fileRef = 26F9DFDF2140791A0035F1A5 /* CollectionViewCell.swift */; };
/* End PBXBuildFile section */

/* Begin PBXContainerItemProxy section */
		260A2862213CE44B00FBDE8D /* PBXContainerItemProxy */ = {
			isa = PBXContainerItemProxy;
			containerPortal = 260A2845213CE44800FBDE8D /* Project object */;
			proxyType = 1;
			remoteGlobalIDString = 260A284C213CE44800FBDE8D;
			remoteInfo = WYB;
		};
		260A286D213CE44B00FBDE8D /* PBXContainerItemProxy */ = {
			isa = PBXContainerItemProxy;
			containerPortal = 260A2845213CE44800FBDE8D /* Project object */;
			proxyType = 1;
			remoteGlobalIDString = 260A284C213CE44800FBDE8D;
			remoteInfo = WYB;
		};
/* End PBXContainerItemProxy section */

/* Begin PBXFileReference section */
		260A284D213CE44800FBDE8D /* WYB.app */ = {isa = PBXFileReference; explicitFileType = wrapper.application; includeInIndex = 0; path = WYB.app; sourceTree = BUILT_PRODUCTS_DIR; };
		260A2850213CE44800FBDE8D /* AppDelegate.swift */ = {isa = PBXFileReference; lastKnownFileType = sourcecode.swift; path = AppDelegate.swift; sourceTree = "<group>"; };
		260A2855213CE44800FBDE8D /* Base */ = {isa = PBXFileReference; lastKnownFileType = file.storyboard; name = Base; path = Base.lproj/Main.storyboard; sourceTree = "<group>"; };
		260A2857213CE44B00FBDE8D /* Assets.xcassets */ = {isa = PBXFileReference; lastKnownFileType = folder.assetcatalog; path = Assets.xcassets; sourceTree = "<group>"; };
		260A285A213CE44B00FBDE8D /* Base */ = {isa = PBXFileReference; lastKnownFileType = file.storyboard; name = Base; path = Base.lproj/LaunchScreen.storyboard; sourceTree = "<group>"; };
		260A285C213CE44B00FBDE8D /* Info.plist */ = {isa = PBXFileReference; lastKnownFileType = text.plist.xml; path = Info.plist; sourceTree = "<group>"; };
		260A2861213CE44B00FBDE8D /* WYBTests.xctest */ = {isa = PBXFileReference; explicitFileType = wrapper.cfbundle; includeInIndex = 0; path = WYBTests.xctest; sourceTree = BUILT_PRODUCTS_DIR; };
		260A2865213CE44B00FBDE8D /* WYBTests.swift */ = {isa = PBXFileReference; lastKnownFileType = sourcecode.swift; path = WYBTests.swift; sourceTree = "<group>"; };
		260A2867213CE44B00FBDE8D /* Info.plist */ = {isa = PBXFileReference; lastKnownFileType = text.plist.xml; path = Info.plist; sourceTree = "<group>"; };
		260A286C213CE44B00FBDE8D /* WYBUITests.xctest */ = {isa = PBXFileReference; explicitFileType = wrapper.cfbundle; includeInIndex = 0; path = WYBUITests.xctest; sourceTree = BUILT_PRODUCTS_DIR; };
		260A2870213CE44B00FBDE8D /* WYBUITests.swift */ = {isa = PBXFileReference; lastKnownFileType = sourcecode.swift; path = WYBUITests.swift; sourceTree = "<group>"; };
		260A2872213CE44B00FBDE8D /* Info.plist */ = {isa = PBXFileReference; lastKnownFileType = text.plist.xml; path = Info.plist; sourceTree = "<group>"; };
		26685A86213CF92700988B68 /* NetworkClient.swift */ = {isa = PBXFileReference; lastKnownFileType = sourcecode.swift; path = NetworkClient.swift; sourceTree = "<group>"; };
		26B032E0213CEBDF005D9CC7 /* LoginViewController.swift */ = {isa = PBXFileReference; fileEncoding = 4; lastKnownFileType = sourcecode.swift; path = LoginViewController.swift; sourceTree = "<group>"; };
		26F9DFD9214078430035F1A5 /* RequestsViewController.swift */ = {isa = PBXFileReference; lastKnownFileType = sourcecode.swift; path = RequestsViewController.swift; sourceTree = "<group>"; };
		26F9DFDF2140791A0035F1A5 /* CollectionViewCell.swift */ = {isa = PBXFileReference; lastKnownFileType = sourcecode.swift; path = CollectionViewCell.swift; sourceTree = "<group>"; };
/* End PBXFileReference section */

/* Begin PBXFrameworksBuildPhase section */
		260A284A213CE44800FBDE8D /* Frameworks */ = {
			isa = PBXFrameworksBuildPhase;
			buildActionMask = 2147483647;
			files = (
			);
			runOnlyForDeploymentPostprocessing = 0;
		};
		260A285E213CE44B00FBDE8D /* Frameworks */ = {
			isa = PBXFrameworksBuildPhase;
			buildActionMask = 2147483647;
			files = (
			);
			runOnlyForDeploymentPostprocessing = 0;
		};
		260A2869213CE44B00FBDE8D /* Frameworks */ = {
			isa = PBXFrameworksBuildPhase;
			buildActionMask = 2147483647;
			files = (
			);
			runOnlyForDeploymentPostprocessing = 0;
		};
/* End PBXFrameworksBuildPhase section */

/* Begin PBXGroup section */
		260A2844213CE44800FBDE8D = {
			isa = PBXGroup;
			children = (
				260A284F213CE44800FBDE8D /* WYB */,
				260A2864213CE44B00FBDE8D /* WYBTests */,
				260A286F213CE44B00FBDE8D /* WYBUITests */,
				260A284E213CE44800FBDE8D /* Products */,
			);
			sourceTree = "<group>";
		};
		260A284E213CE44800FBDE8D /* Products */ = {
			isa = PBXGroup;
			children = (
				260A284D213CE44800FBDE8D /* WYB.app */,
				260A2861213CE44B00FBDE8D /* WYBTests.xctest */,
				260A286C213CE44B00FBDE8D /* WYBUITests.xctest */,
			);
			name = Products;
			sourceTree = "<group>";
		};
		260A284F213CE44800FBDE8D /* WYB */ = {
			isa = PBXGroup;
			children = (
				26685A85213CF8BC00988B68 /* Model */,
				26B032DD213CEA39005D9CC7 /* ViewControllers */,
				260A2850213CE44800FBDE8D /* AppDelegate.swift */,
				260A2854213CE44800FBDE8D /* Main.storyboard */,
				260A2857213CE44B00FBDE8D /* Assets.xcassets */,
				260A2859213CE44B00FBDE8D /* LaunchScreen.storyboard */,
				260A285C213CE44B00FBDE8D /* Info.plist */,
			);
			path = WYB;
			sourceTree = "<group>";
		};
		260A2864213CE44B00FBDE8D /* WYBTests */ = {
			isa = PBXGroup;
			children = (
				260A2865213CE44B00FBDE8D /* WYBTests.swift */,
				260A2867213CE44B00FBDE8D /* Info.plist */,
			);
			path = WYBTests;
			sourceTree = "<group>";
		};
		260A286F213CE44B00FBDE8D /* WYBUITests */ = {
			isa = PBXGroup;
			children = (
				260A2870213CE44B00FBDE8D /* WYBUITests.swift */,
				260A2872213CE44B00FBDE8D /* Info.plist */,
			);
			path = WYBUITests;
			sourceTree = "<group>";
		};
		26685A85213CF8BC00988B68 /* Model */ = {
			isa = PBXGroup;
			children = (
				26685A86213CF92700988B68 /* NetworkClient.swift */,
			);
			path = Model;
			sourceTree = "<group>";
		};
		26B032DD213CEA39005D9CC7 /* ViewControllers */ = {
			isa = PBXGroup;
			children = (
				26B032E0213CEBDF005D9CC7 /* LoginViewController.swift */,
				26F9DFD9214078430035F1A5 /* RequestsViewController.swift */,
				26F9DFDF2140791A0035F1A5 /* CollectionViewCell.swift */,
			);
			path = ViewControllers;
			sourceTree = "<group>";
		};
/* End PBXGroup section */

/* Begin PBXNativeTarget section */
		260A284C213CE44800FBDE8D /* WYB */ = {
			isa = PBXNativeTarget;
			buildConfigurationList = 260A2875213CE44B00FBDE8D /* Build configuration list for PBXNativeTarget "WYB" */;
			buildPhases = (
				260A2849213CE44800FBDE8D /* Sources */,
				260A284A213CE44800FBDE8D /* Frameworks */,
				260A284B213CE44800FBDE8D /* Resources */,
			);
			buildRules = (
			);
			dependencies = (
			);
			name = WYB;
			productName = WYB;
			productReference = 260A284D213CE44800FBDE8D /* WYB.app */;
			productType = "com.apple.product-type.application";
		};
		260A2860213CE44B00FBDE8D /* WYBTests */ = {
			isa = PBXNativeTarget;
			buildConfigurationList = 260A2878213CE44B00FBDE8D /* Build configuration list for PBXNativeTarget "WYBTests" */;
			buildPhases = (
				260A285D213CE44B00FBDE8D /* Sources */,
				260A285E213CE44B00FBDE8D /* Frameworks */,
				260A285F213CE44B00FBDE8D /* Resources */,
			);
			buildRules = (
			);
			dependencies = (
				260A2863213CE44B00FBDE8D /* PBXTargetDependency */,
			);
			name = WYBTests;
			productName = WYBTests;
			productReference = 260A2861213CE44B00FBDE8D /* WYBTests.xctest */;
			productType = "com.apple.product-type.bundle.unit-test";
		};
		260A286B213CE44B00FBDE8D /* WYBUITests */ = {
			isa = PBXNativeTarget;
			buildConfigurationList = 260A287B213CE44B00FBDE8D /* Build configuration list for PBXNativeTarget "WYBUITests" */;
			buildPhases = (
				260A2868213CE44B00FBDE8D /* Sources */,
				260A2869213CE44B00FBDE8D /* Frameworks */,
				260A286A213CE44B00FBDE8D /* Resources */,
			);
			buildRules = (
			);
			dependencies = (
				260A286E213CE44B00FBDE8D /* PBXTargetDependency */,
			);
			name = WYBUITests;
			productName = WYBUITests;
			productReference = 260A286C213CE44B00FBDE8D /* WYBUITests.xctest */;
			productType = "com.apple.product-type.bundle.ui-testing";
		};
/* End PBXNativeTarget section */

/* Begin PBXProject section */
		260A2845213CE44800FBDE8D /* Project object */ = {
			isa = PBXProject;
			attributes = {
				LastSwiftUpdateCheck = 0940;
				LastUpgradeCheck = 0940;
				ORGANIZATIONNAME = "Priscilla Okawa";
				TargetAttributes = {
					260A284C213CE44800FBDE8D = {
						CreatedOnToolsVersion = 9.4.1;
					};
					260A2860213CE44B00FBDE8D = {
						CreatedOnToolsVersion = 9.4.1;
						TestTargetID = 260A284C213CE44800FBDE8D;
					};
					260A286B213CE44B00FBDE8D = {
						CreatedOnToolsVersion = 9.4.1;
						TestTargetID = 260A284C213CE44800FBDE8D;
					};
				};
			};
			buildConfigurationList = 260A2848213CE44800FBDE8D /* Build configuration list for PBXProject "WYB" */;
			compatibilityVersion = "Xcode 9.3";
			developmentRegion = en;
			hasScannedForEncodings = 0;
			knownRegions = (
				en,
				Base,
			);
			mainGroup = 260A2844213CE44800FBDE8D;
			productRefGroup = 260A284E213CE44800FBDE8D /* Products */;
			projectDirPath = "";
			projectRoot = "";
			targets = (
				260A284C213CE44800FBDE8D /* WYB */,
				260A2860213CE44B00FBDE8D /* WYBTests */,
				260A286B213CE44B00FBDE8D /* WYBUITests */,
			);
		};
/* End PBXProject section */

/* Begin PBXResourcesBuildPhase section */
		260A284B213CE44800FBDE8D /* Resources */ = {
			isa = PBXResourcesBuildPhase;
			buildActionMask = 2147483647;
			files = (
				260A285B213CE44B00FBDE8D /* LaunchScreen.storyboard in Resources */,
				260A2858213CE44B00FBDE8D /* Assets.xcassets in Resources */,
				260A2856213CE44800FBDE8D /* Main.storyboard in Resources */,
			);
			runOnlyForDeploymentPostprocessing = 0;
		};
		260A285F213CE44B00FBDE8D /* Resources */ = {
			isa = PBXResourcesBuildPhase;
			buildActionMask = 2147483647;
			files = (
			);
			runOnlyForDeploymentPostprocessing = 0;
		};
		260A286A213CE44B00FBDE8D /* Resources */ = {
			isa = PBXResourcesBuildPhase;
			buildActionMask = 2147483647;
			files = (
			);
			runOnlyForDeploymentPostprocessing = 0;
		};
/* End PBXResourcesBuildPhase section */

/* Begin PBXSourcesBuildPhase section */
		260A2849213CE44800FBDE8D /* Sources */ = {
			isa = PBXSourcesBuildPhase;
			buildActionMask = 2147483647;
			files = (
				26B032E1213CEBDF005D9CC7 /* LoginViewController.swift in Sources */,
				260A2851213CE44800FBDE8D /* AppDelegate.swift in Sources */,
				26F9DFE02140791A0035F1A5 /* CollectionViewCell.swift in Sources */,
				26F9DFDA214078430035F1A5 /* RequestsViewController.swift in Sources */,
				26685A87213CF92700988B68 /* NetworkClient.swift in Sources */,
			);
			runOnlyForDeploymentPostprocessing = 0;
		};
		260A285D213CE44B00FBDE8D /* Sources */ = {
			isa = PBXSourcesBuildPhase;
			buildActionMask = 2147483647;
			files = (
				260A2866213CE44B00FBDE8D /* WYBTests.swift in Sources */,
			);
			runOnlyForDeploymentPostprocessing = 0;
		};
		260A2868213CE44B00FBDE8D /* Sources */ = {
			isa = PBXSourcesBuildPhase;
			buildActionMask = 2147483647;
			files = (
				260A2871213CE44B00FBDE8D /* WYBUITests.swift in Sources */,
			);
			runOnlyForDeploymentPostprocessing = 0;
		};
/* End PBXSourcesBuildPhase section */

/* Begin PBXTargetDependency section */
		260A2863213CE44B00FBDE8D /* PBXTargetDependency */ = {
			isa = PBXTargetDependency;
			target = 260A284C213CE44800FBDE8D /* WYB */;
			targetProxy = 260A2862213CE44B00FBDE8D /* PBXContainerItemProxy */;
		};
		260A286E213CE44B00FBDE8D /* PBXTargetDependency */ = {
			isa = PBXTargetDependency;
			target = 260A284C213CE44800FBDE8D /* WYB */;
			targetProxy = 260A286D213CE44B00FBDE8D /* PBXContainerItemProxy */;
		};
/* End PBXTargetDependency section */

/* Begin PBXVariantGroup section */
		260A2854213CE44800FBDE8D /* Main.storyboard */ = {
			isa = PBXVariantGroup;
			children = (
				260A2855213CE44800FBDE8D /* Base */,
			);
			name = Main.storyboard;
			sourceTree = "<group>";
		};
		260A2859213CE44B00FBDE8D /* LaunchScreen.storyboard */ = {
			isa = PBXVariantGroup;
			children = (
				260A285A213CE44B00FBDE8D /* Base */,
			);
			name = LaunchScreen.storyboard;
			sourceTree = "<group>";
		};
/* End PBXVariantGroup section */

/* Begin XCBuildConfiguration section */
		260A2873213CE44B00FBDE8D /* Debug */ = {
			isa = XCBuildConfiguration;
			buildSettings = {
				ALWAYS_SEARCH_USER_PATHS = NO;
				CLANG_ANALYZER_NONNULL = YES;
				CLANG_ANALYZER_NUMBER_OBJECT_CONVERSION = YES_AGGRESSIVE;
				CLANG_CXX_LANGUAGE_STANDARD = "gnu++14";
				CLANG_CXX_LIBRARY = "libc++";
				CLANG_ENABLE_MODULES = YES;
				CLANG_ENABLE_OBJC_ARC = YES;
				CLANG_ENABLE_OBJC_WEAK = YES;
				CLANG_WARN_BLOCK_CAPTURE_AUTORELEASING = YES;
				CLANG_WARN_BOOL_CONVERSION = YES;
				CLANG_WARN_COMMA = YES;
				CLANG_WARN_CONSTANT_CONVERSION = YES;
				CLANG_WARN_DEPRECATED_OBJC_IMPLEMENTATIONS = YES;
				CLANG_WARN_DIRECT_OBJC_ISA_USAGE = YES_ERROR;
				CLANG_WARN_DOCUMENTATION_COMMENTS = YES;
				CLANG_WARN_EMPTY_BODY = YES;
				CLANG_WARN_ENUM_CONVERSION = YES;
				CLANG_WARN_INFINITE_RECURSION = YES;
				CLANG_WARN_INT_CONVERSION = YES;
				CLANG_WARN_NON_LITERAL_NULL_CONVERSION = YES;
				CLANG_WARN_OBJC_IMPLICIT_RETAIN_SELF = YES;
				CLANG_WARN_OBJC_LITERAL_CONVERSION = YES;
				CLANG_WARN_OBJC_ROOT_CLASS = YES_ERROR;
				CLANG_WARN_RANGE_LOOP_ANALYSIS = YES;
				CLANG_WARN_STRICT_PROTOTYPES = YES;
				CLANG_WARN_SUSPICIOUS_MOVE = YES;
				CLANG_WARN_UNGUARDED_AVAILABILITY = YES_AGGRESSIVE;
				CLANG_WARN_UNREACHABLE_CODE = YES;
				CLANG_WARN__DUPLICATE_METHOD_MATCH = YES;
				CODE_SIGN_IDENTITY = "iPhone Developer";
				COPY_PHASE_STRIP = NO;
				DEBUG_INFORMATION_FORMAT = dwarf;
				ENABLE_STRICT_OBJC_MSGSEND = YES;
				ENABLE_TESTABILITY = YES;
				GCC_C_LANGUAGE_STANDARD = gnu11;
				GCC_DYNAMIC_NO_PIC = NO;
				GCC_NO_COMMON_BLOCKS = YES;
				GCC_OPTIMIZATION_LEVEL = 0;
				GCC_PREPROCESSOR_DEFINITIONS = (
					"DEBUG=1",
					"$(inherited)",
				);
				GCC_WARN_64_TO_32_BIT_CONVERSION = YES;
				GCC_WARN_ABOUT_RETURN_TYPE = YES_ERROR;
				GCC_WARN_UNDECLARED_SELECTOR = YES;
				GCC_WARN_UNINITIALIZED_AUTOS = YES_AGGRESSIVE;
				GCC_WARN_UNUSED_FUNCTION = YES;
				GCC_WARN_UNUSED_VARIABLE = YES;
				IPHONEOS_DEPLOYMENT_TARGET = 11.4;
				MTL_ENABLE_DEBUG_INFO = YES;
				ONLY_ACTIVE_ARCH = YES;
				SDKROOT = iphoneos;
				SWIFT_ACTIVE_COMPILATION_CONDITIONS = DEBUG;
				SWIFT_OPTIMIZATION_LEVEL = "-Onone";
			};
			name = Debug;
		};
		260A2874213CE44B00FBDE8D /* Release */ = {
			isa = XCBuildConfiguration;
			buildSettings = {
				ALWAYS_SEARCH_USER_PATHS = NO;
				CLANG_ANALYZER_NONNULL = YES;
				CLANG_ANALYZER_NUMBER_OBJECT_CONVERSION = YES_AGGRESSIVE;
				CLANG_CXX_LANGUAGE_STANDARD = "gnu++14";
				CLANG_CXX_LIBRARY = "libc++";
				CLANG_ENABLE_MODULES = YES;
				CLANG_ENABLE_OBJC_ARC = YES;
				CLANG_ENABLE_OBJC_WEAK = YES;
				CLANG_WARN_BLOCK_CAPTURE_AUTORELEASING = YES;
				CLANG_WARN_BOOL_CONVERSION = YES;
				CLANG_WARN_COMMA = YES;
				CLANG_WARN_CONSTANT_CONVERSION = YES;
				CLANG_WARN_DEPRECATED_OBJC_IMPLEMENTATIONS = YES;
				CLANG_WARN_DIRECT_OBJC_ISA_USAGE = YES_ERROR;
				CLANG_WARN_DOCUMENTATION_COMMENTS = YES;
				CLANG_WARN_EMPTY_BODY = YES;
				CLANG_WARN_ENUM_CONVERSION = YES;
				CLANG_WARN_INFINITE_RECURSION = YES;
				CLANG_WARN_INT_CONVERSION = YES;
				CLANG_WARN_NON_LITERAL_NULL_CONVERSION = YES;
				CLANG_WARN_OBJC_IMPLICIT_RETAIN_SELF = YES;
				CLANG_WARN_OBJC_LITERAL_CONVERSION = YES;
				CLANG_WARN_OBJC_ROOT_CLASS = YES_ERROR;
				CLANG_WARN_RANGE_LOOP_ANALYSIS = YES;
				CLANG_WARN_STRICT_PROTOTYPES = YES;
				CLANG_WARN_SUSPICIOUS_MOVE = YES;
				CLANG_WARN_UNGUARDED_AVAILABILITY = YES_AGGRESSIVE;
				CLANG_WARN_UNREACHABLE_CODE = YES;
				CLANG_WARN__DUPLICATE_METHOD_MATCH = YES;
				CODE_SIGN_IDENTITY = "iPhone Developer";
				COPY_PHASE_STRIP = NO;
				DEBUG_INFORMATION_FORMAT = "dwarf-with-dsym";
				ENABLE_NS_ASSERTIONS = NO;
				ENABLE_STRICT_OBJC_MSGSEND = YES;
				GCC_C_LANGUAGE_STANDARD = gnu11;
				GCC_NO_COMMON_BLOCKS = YES;
				GCC_WARN_64_TO_32_BIT_CONVERSION = YES;
				GCC_WARN_ABOUT_RETURN_TYPE = YES_ERROR;
				GCC_WARN_UNDECLARED_SELECTOR = YES;
				GCC_WARN_UNINITIALIZED_AUTOS = YES_AGGRESSIVE;
				GCC_WARN_UNUSED_FUNCTION = YES;
				GCC_WARN_UNUSED_VARIABLE = YES;
				IPHONEOS_DEPLOYMENT_TARGET = 11.4;
				MTL_ENABLE_DEBUG_INFO = NO;
				SDKROOT = iphoneos;
				SWIFT_COMPILATION_MODE = wholemodule;
				SWIFT_OPTIMIZATION_LEVEL = "-O";
				VALIDATE_PRODUCT = YES;
			};
			name = Release;
		};
		260A2876213CE44B00FBDE8D /* Debug */ = {
			isa = XCBuildConfiguration;
			buildSettings = {
				ASSETCATALOG_COMPILER_APPICON_NAME = AppIcon;
				CODE_SIGN_IDENTITY = "iPhone Developer";
				CODE_SIGN_STYLE = Automatic;
				DEVELOPMENT_TEAM = "";
				INFOPLIST_FILE = WYB/Info.plist;
				LD_RUNPATH_SEARCH_PATHS = (
					"$(inherited)",
					"@executable_path/Frameworks",
				);
				PRODUCT_BUNDLE_IDENTIFIER = com.WYB.prisoka;
				PRODUCT_NAME = "$(TARGET_NAME)";
				PROVISIONING_PROFILE_SPECIFIER = "";
				SWIFT_VERSION = 4.0;
				TARGETED_DEVICE_FAMILY = "1,2";
			};
			name = Debug;
		};
		260A2877213CE44B00FBDE8D /* Release */ = {
			isa = XCBuildConfiguration;
			buildSettings = {
				ASSETCATALOG_COMPILER_APPICON_NAME = AppIcon;
				CODE_SIGN_IDENTITY = "iPhone Developer";
				CODE_SIGN_STYLE = Automatic;
				DEVELOPMENT_TEAM = "";
				INFOPLIST_FILE = WYB/Info.plist;
				LD_RUNPATH_SEARCH_PATHS = (
					"$(inherited)",
					"@executable_path/Frameworks",
				);
				PRODUCT_BUNDLE_IDENTIFIER = com.WYB.prisoka;
				PRODUCT_NAME = "$(TARGET_NAME)";
				PROVISIONING_PROFILE_SPECIFIER = "";
				SWIFT_VERSION = 4.0;
				TARGETED_DEVICE_FAMILY = "1,2";
			};
			name = Release;
		};
		260A2879213CE44B00FBDE8D /* Debug */ = {
			isa = XCBuildConfiguration;
			buildSettings = {
				ALWAYS_EMBED_SWIFT_STANDARD_LIBRARIES = YES;
				BUNDLE_LOADER = "$(TEST_HOST)";
				CODE_SIGN_STYLE = Automatic;
				INFOPLIST_FILE = WYBTests/Info.plist;
				LD_RUNPATH_SEARCH_PATHS = (
					"$(inherited)",
					"@executable_path/Frameworks",
					"@loader_path/Frameworks",
				);
				PRODUCT_BUNDLE_IDENTIFIER = personal.WYBTests;
				PRODUCT_NAME = "$(TARGET_NAME)";
				SWIFT_VERSION = 4.0;
				TARGETED_DEVICE_FAMILY = "1,2";
				TEST_HOST = "$(BUILT_PRODUCTS_DIR)/WYB.app/WYB";
			};
			name = Debug;
		};
		260A287A213CE44B00FBDE8D /* Release */ = {
			isa = XCBuildConfiguration;
			buildSettings = {
				ALWAYS_EMBED_SWIFT_STANDARD_LIBRARIES = YES;
				BUNDLE_LOADER = "$(TEST_HOST)";
				CODE_SIGN_STYLE = Automatic;
				INFOPLIST_FILE = WYBTests/Info.plist;
				LD_RUNPATH_SEARCH_PATHS = (
					"$(inherited)",
					"@executable_path/Frameworks",
					"@loader_path/Frameworks",
				);
				PRODUCT_BUNDLE_IDENTIFIER = personal.WYBTests;
				PRODUCT_NAME = "$(TARGET_NAME)";
				SWIFT_VERSION = 4.0;
				TARGETED_DEVICE_FAMILY = "1,2";
				TEST_HOST = "$(BUILT_PRODUCTS_DIR)/WYB.app/WYB";
			};
			name = Release;
		};
		260A287C213CE44B00FBDE8D /* Debug */ = {
			isa = XCBuildConfiguration;
			buildSettings = {
				ALWAYS_EMBED_SWIFT_STANDARD_LIBRARIES = YES;
				CODE_SIGN_STYLE = Automatic;
				INFOPLIST_FILE = WYBUITests/Info.plist;
				LD_RUNPATH_SEARCH_PATHS = (
					"$(inherited)",
					"@executable_path/Frameworks",
					"@loader_path/Frameworks",
				);
				PRODUCT_BUNDLE_IDENTIFIER = personal.WYBUITests;
				PRODUCT_NAME = "$(TARGET_NAME)";
				SWIFT_VERSION = 4.0;
				TARGETED_DEVICE_FAMILY = "1,2";
				TEST_TARGET_NAME = WYB;
			};
			name = Debug;
		};
		260A287D213CE44B00FBDE8D /* Release */ = {
			isa = XCBuildConfiguration;
			buildSettings = {
				ALWAYS_EMBED_SWIFT_STANDARD_LIBRARIES = YES;
				CODE_SIGN_STYLE = Automatic;
				INFOPLIST_FILE = WYBUITests/Info.plist;
				LD_RUNPATH_SEARCH_PATHS = (
					"$(inherited)",
					"@executable_path/Frameworks",
					"@loader_path/Frameworks",
				);
				PRODUCT_BUNDLE_IDENTIFIER = personal.WYBUITests;
				PRODUCT_NAME = "$(TARGET_NAME)";
				SWIFT_VERSION = 4.0;
				TARGETED_DEVICE_FAMILY = "1,2";
				TEST_TARGET_NAME = WYB;
			};
			name = Release;
		};
/* End XCBuildConfiguration section */

/* Begin XCConfigurationList section */
		260A2848213CE44800FBDE8D /* Build configuration list for PBXProject "WYB" */ = {
			isa = XCConfigurationList;
			buildConfigurations = (
				260A2873213CE44B00FBDE8D /* Debug */,
				260A2874213CE44B00FBDE8D /* Release */,
			);
			defaultConfigurationIsVisible = 0;
			defaultConfigurationName = Release;
		};
		260A2875213CE44B00FBDE8D /* Build configuration list for PBXNativeTarget "WYB" */ = {
			isa = XCConfigurationList;
			buildConfigurations = (
				260A2876213CE44B00FBDE8D /* Debug */,
				260A2877213CE44B00FBDE8D /* Release */,
			);
			defaultConfigurationIsVisible = 0;
			defaultConfigurationName = Release;
		};
		260A2878213CE44B00FBDE8D /* Build configuration list for PBXNativeTarget "WYBTests" */ = {
			isa = XCConfigurationList;
			buildConfigurations = (
				260A2879213CE44B00FBDE8D /* Debug */,
				260A287A213CE44B00FBDE8D /* Release */,
			);
			defaultConfigurationIsVisible = 0;
			defaultConfigurationName = Release;
		};
		260A287B213CE44B00FBDE8D /* Build configuration list for PBXNativeTarget "WYBUITests" */ = {
			isa = XCConfigurationList;
			buildConfigurations = (
				260A287C213CE44B00FBDE8D /* Debug */,
				260A287D213CE44B00FBDE8D /* Release */,
			);
			defaultConfigurationIsVisible = 0;
			defaultConfigurationName = Release;
		};
/* End XCConfigurationList section */
	};
	rootObject = 260A2845213CE44800FBDE8D /* Project object */;
}
