// !$*UTF8*$!
{
	archiveVersion = 1;
	classes = {
	};
	objectVersion = 50;
	objects = {

/* Begin PBXBuildFile section */
		260A2851213CE44800FBDE8D /* AppDelegate.swift in Sources */ = {isa = PBXBuildFile; fileRef = 260A2850213CE44800FBDE8D /* AppDelegate.swift */; };
		260A2856213CE44800FBDE8D /* Main.storyboard in Resources */ = {isa = PBXBuildFile; fileRef = 260A2854213CE44800FBDE8D /* Main.storyboard */; };
		260A2858213CE44B00FBDE8D /* Assets.xcassets in Resources */ = {isa = PBXBuildFile; fileRef = 260A2857213CE44B00FBDE8D /* Assets.xcassets */; };
		260A285B213CE44B00FBDE8D /* LaunchScreen.storyboard in Resources */ = {isa = PBXBuildFile; fileRef = 260A2859213CE44B00FBDE8D /* LaunchScreen.storyboard */; };
		260A2866213CE44B00FBDE8D /* WYBTests.swift in Sources */ = {isa = PBXBuildFile; fileRef = 260A2865213CE44B00FBDE8D /* WYBTests.swift */; };
		260A2871213CE44B00FBDE8D /* WYBUITests.swift in Sources */ = {isa = PBXBuildFile; fileRef = 260A2870213CE44B00FBDE8D /* WYBUITests.swift */; };
		26685A87213CF92700988B68 /* NetworkClient.swift in Sources */ = {isa = PBXBuildFile; fileRef = 26685A86213CF92700988B68 /* NetworkClient.swift */; };
		266EA87E2141AD2000F3ED3F /* SingleRequestViewController.swift in Sources */ = {isa = PBXBuildFile; fileRef = 266EA87D2141AD2000F3ED3F /* SingleRequestViewController.swift */; };
		266EA8802141AF1500F3ED3F /* SingleRequestCollectionViewCell.swift in Sources */ = {isa = PBXBuildFile; fileRef = 266EA87F2141AF1500F3ED3F /* SingleRequestCollectionViewCell.swift */; };
		266EA8822141CE8C00F3ED3F /* MyWalksViewController.swift in Sources */ = {isa = PBXBuildFile; fileRef = 266EA8812141CE8C00F3ED3F /* MyWalksViewController.swift */; };
		266EA8842141DF6200F3ED3F /* SettingsViewController.swift in Sources */ = {isa = PBXBuildFile; fileRef = 266EA8832141DF6200F3ED3F /* SettingsViewController.swift */; };
		26B032E1213CEBDF005D9CC7 /* LoginViewController.swift in Sources */ = {isa = PBXBuildFile; fileRef = 26B032E0213CEBDF005D9CC7 /* LoginViewController.swift */; };
		26F9DFDA214078430035F1A5 /* RequestsViewController.swift in Sources */ = {isa = PBXBuildFile; fileRef = 26F9DFD9214078430035F1A5 /* RequestsViewController.swift */; };
		26F9DFE02140791A0035F1A5 /* RequestCell.swift in Sources */ = {isa = PBXBuildFile; fileRef = 26F9DFDF2140791A0035F1A5 /* RequestCell.swift */; };
		6339A050C82359C9F975852E /* Pods_WYBUITests.framework in Frameworks */ = {isa = PBXBuildFile; fileRef = 1C99A1BC048FC2A10E3FF861 /* Pods_WYBUITests.framework */; };
		B1368679DD56E18AD14CF8D5 /* Pods_WYBTests.framework in Frameworks */ = {isa = PBXBuildFile; fileRef = 5F857D3E61D5B1FF5AAB6BB6 /* Pods_WYBTests.framework */; };
		F00CA1C453409F5576322DD9 /* Pods_WYB.framework in Frameworks */ = {isa = PBXBuildFile; fileRef = 4DABDE7F8FA9D1BADB49E746 /* Pods_WYB.framework */; };
/* End PBXBuildFile section */

/* Begin PBXContainerItemProxy section */
		260A2862213CE44B00FBDE8D /* PBXContainerItemProxy */ = {
			isa = PBXContainerItemProxy;
			containerPortal = 260A2845213CE44800FBDE8D /* Project object */;
			proxyType = 1;
			remoteGlobalIDString = 260A284C213CE44800FBDE8D;
			remoteInfo = WYB;
		};
		260A286D213CE44B00FBDE8D /* PBXContainerItemProxy */ = {
			isa = PBXContainerItemProxy;
			containerPortal = 260A2845213CE44800FBDE8D /* Project object */;
			proxyType = 1;
			remoteGlobalIDString = 260A284C213CE44800FBDE8D;
			remoteInfo = WYB;
		};
/* End PBXContainerItemProxy section */

/* Begin PBXFileReference section */
		042A64472C1B65C3E9B4D01C /* Pods-WYBUITests.release.xcconfig */ = {isa = PBXFileReference; includeInIndex = 1; lastKnownFileType = text.xcconfig; name = "Pods-WYBUITests.release.xcconfig"; path = "Pods/Target Support Files/Pods-WYBUITests/Pods-WYBUITests.release.xcconfig"; sourceTree = "<group>"; };
		1C99A1BC048FC2A10E3FF861 /* Pods_WYBUITests.framework */ = {isa = PBXFileReference; explicitFileType = wrapper.framework; includeInIndex = 0; path = Pods_WYBUITests.framework; sourceTree = BUILT_PRODUCTS_DIR; };
		260A284D213CE44800FBDE8D /* WYB.app */ = {isa = PBXFileReference; explicitFileType = wrapper.application; includeInIndex = 0; path = WYB.app; sourceTree = BUILT_PRODUCTS_DIR; };
		260A2850213CE44800FBDE8D /* AppDelegate.swift */ = {isa = PBXFileReference; lastKnownFileType = sourcecode.swift; path = AppDelegate.swift; sourceTree = "<group>"; };
		260A2855213CE44800FBDE8D /* Base */ = {isa = PBXFileReference; lastKnownFileType = file.storyboard; name = Base; path = Base.lproj/Main.storyboard; sourceTree = "<group>"; };
		260A2857213CE44B00FBDE8D /* Assets.xcassets */ = {isa = PBXFileReference; lastKnownFileType = folder.assetcatalog; path = Assets.xcassets; sourceTree = "<group>"; };
		260A285A213CE44B00FBDE8D /* Base */ = {isa = PBXFileReference; lastKnownFileType = file.storyboard; name = Base; path = Base.lproj/LaunchScreen.storyboard; sourceTree = "<group>"; };
		260A285C213CE44B00FBDE8D /* Info.plist */ = {isa = PBXFileReference; lastKnownFileType = text.plist.xml; path = Info.plist; sourceTree = "<group>"; };
		260A2861213CE44B00FBDE8D /* WYBTests.xctest */ = {isa = PBXFileReference; explicitFileType = wrapper.cfbundle; includeInIndex = 0; path = WYBTests.xctest; sourceTree = BUILT_PRODUCTS_DIR; };
		260A2865213CE44B00FBDE8D /* WYBTests.swift */ = {isa = PBXFileReference; lastKnownFileType = sourcecode.swift; path = WYBTests.swift; sourceTree = "<group>"; };
		260A2867213CE44B00FBDE8D /* Info.plist */ = {isa = PBXFileReference; lastKnownFileType = text.plist.xml; path = Info.plist; sourceTree = "<group>"; };
		260A286C213CE44B00FBDE8D /* WYBUITests.xctest */ = {isa = PBXFileReference; explicitFileType = wrapper.cfbundle; includeInIndex = 0; path = WYBUITests.xctest; sourceTree = BUILT_PRODUCTS_DIR; };
		260A2870213CE44B00FBDE8D /* WYBUITests.swift */ = {isa = PBXFileReference; lastKnownFileType = sourcecode.swift; path = WYBUITests.swift; sourceTree = "<group>"; };
		260A2872213CE44B00FBDE8D /* Info.plist */ = {isa = PBXFileReference; lastKnownFileType = text.plist.xml; path = Info.plist; sourceTree = "<group>"; };
		26685A86213CF92700988B68 /* NetworkClient.swift */ = {isa = PBXFileReference; lastKnownFileType = sourcecode.swift; path = NetworkClient.swift; sourceTree = "<group>"; };
		266EA87D2141AD2000F3ED3F /* SingleRequestViewController.swift */ = {isa = PBXFileReference; lastKnownFileType = sourcecode.swift; path = SingleRequestViewController.swift; sourceTree = "<group>"; };
		266EA87F2141AF1500F3ED3F /* SingleRequestCollectionViewCell.swift */ = {isa = PBXFileReference; lastKnownFileType = sourcecode.swift; path = SingleRequestCollectionViewCell.swift; sourceTree = "<group>"; };
		266EA8812141CE8C00F3ED3F /* MyWalksViewController.swift */ = {isa = PBXFileReference; lastKnownFileType = sourcecode.swift; path = MyWalksViewController.swift; sourceTree = "<group>"; };
		266EA8832141DF6200F3ED3F /* SettingsViewController.swift */ = {isa = PBXFileReference; lastKnownFileType = sourcecode.swift; path = SettingsViewController.swift; sourceTree = "<group>"; };
		26B032E0213CEBDF005D9CC7 /* LoginViewController.swift */ = {isa = PBXFileReference; fileEncoding = 4; lastKnownFileType = sourcecode.swift; path = LoginViewController.swift; sourceTree = "<group>"; };
		26F9DFD9214078430035F1A5 /* RequestsViewController.swift */ = {isa = PBXFileReference; lastKnownFileType = sourcecode.swift; path = RequestsViewController.swift; sourceTree = "<group>"; };
		26F9DFDF2140791A0035F1A5 /* RequestCell.swift */ = {isa = PBXFileReference; lastKnownFileType = sourcecode.swift; path = RequestCell.swift; sourceTree = "<group>"; };
		375C5429143B6B03962FF259 /* Pods-WYBUITests.debug.xcconfig */ = {isa = PBXFileReference; includeInIndex = 1; lastKnownFileType = text.xcconfig; name = "Pods-WYBUITests.debug.xcconfig"; path = "Pods/Target Support Files/Pods-WYBUITests/Pods-WYBUITests.debug.xcconfig"; sourceTree = "<group>"; };
		4DABDE7F8FA9D1BADB49E746 /* Pods_WYB.framework */ = {isa = PBXFileReference; explicitFileType = wrapper.framework; includeInIndex = 0; path = Pods_WYB.framework; sourceTree = BUILT_PRODUCTS_DIR; };
		5F857D3E61D5B1FF5AAB6BB6 /* Pods_WYBTests.framework */ = {isa = PBXFileReference; explicitFileType = wrapper.framework; includeInIndex = 0; path = Pods_WYBTests.framework; sourceTree = BUILT_PRODUCTS_DIR; };
		87E60252037EAFCCF59DE140 /* Pods-WYB.release.xcconfig */ = {isa = PBXFileReference; includeInIndex = 1; lastKnownFileType = text.xcconfig; name = "Pods-WYB.release.xcconfig"; path = "Pods/Target Support Files/Pods-WYB/Pods-WYB.release.xcconfig"; sourceTree = "<group>"; };
		96E22446576111C64C3684B9 /* Pods-WYB.debug.xcconfig */ = {isa = PBXFileReference; includeInIndex = 1; lastKnownFileType = text.xcconfig; name = "Pods-WYB.debug.xcconfig"; path = "Pods/Target Support Files/Pods-WYB/Pods-WYB.debug.xcconfig"; sourceTree = "<group>"; };
		A0DF9CE36A06F8053CC72274 /* Pods-WYBTests.debug.xcconfig */ = {isa = PBXFileReference; includeInIndex = 1; lastKnownFileType = text.xcconfig; name = "Pods-WYBTests.debug.xcconfig"; path = "Pods/Target Support Files/Pods-WYBTests/Pods-WYBTests.debug.xcconfig"; sourceTree = "<group>"; };
		ADB6A644DA5A80300F4C174D /* Pods-WYBTests.release.xcconfig */ = {isa = PBXFileReference; includeInIndex = 1; lastKnownFileType = text.xcconfig; name = "Pods-WYBTests.release.xcconfig"; path = "Pods/Target Support Files/Pods-WYBTests/Pods-WYBTests.release.xcconfig"; sourceTree = "<group>"; };
/* End PBXFileReference section */

/* Begin PBXFrameworksBuildPhase section */
		260A284A213CE44800FBDE8D /* Frameworks */ = {
			isa = PBXFrameworksBuildPhase;
			buildActionMask = 2147483647;
			files = (
				F00CA1C453409F5576322DD9 /* Pods_WYB.framework in Frameworks */,
			);
			runOnlyForDeploymentPostprocessing = 0;
		};
		260A285E213CE44B00FBDE8D /* Frameworks */ = {
			isa = PBXFrameworksBuildPhase;
			buildActionMask = 2147483647;
			files = (
				B1368679DD56E18AD14CF8D5 /* Pods_WYBTests.framework in Frameworks */,
			);
			runOnlyForDeploymentPostprocessing = 0;
		};
		260A2869213CE44B00FBDE8D /* Frameworks */ = {
			isa = PBXFrameworksBuildPhase;
			buildActionMask = 2147483647;
			files = (
				6339A050C82359C9F975852E /* Pods_WYBUITests.framework in Frameworks */,
			);
			runOnlyForDeploymentPostprocessing = 0;
		};
/* End PBXFrameworksBuildPhase section */

/* Begin PBXGroup section */
		260A2844213CE44800FBDE8D = {
			isa = PBXGroup;
			children = (
				260A284F213CE44800FBDE8D /* WYB */,
				260A2864213CE44B00FBDE8D /* WYBTests */,
				260A286F213CE44B00FBDE8D /* WYBUITests */,
				260A284E213CE44800FBDE8D /* Products */,
				F717D29B1762AC96BB85B8EB /* Pods */,
				9186D87AE09B70F6C1543B54 /* Frameworks */,
			);
			sourceTree = "<group>";
		};
		260A284E213CE44800FBDE8D /* Products */ = {
			isa = PBXGroup;
			children = (
				260A284D213CE44800FBDE8D /* WYB.app */,
				260A2861213CE44B00FBDE8D /* WYBTests.xctest */,
				260A286C213CE44B00FBDE8D /* WYBUITests.xctest */,
			);
			name = Products;
			sourceTree = "<group>";
		};
		260A284F213CE44800FBDE8D /* WYB */ = {
			isa = PBXGroup;
			children = (
				26685A85213CF8BC00988B68 /* Model */,
				26B032DD213CEA39005D9CC7 /* ViewControllers */,
				260A2850213CE44800FBDE8D /* AppDelegate.swift */,
				260A2854213CE44800FBDE8D /* Main.storyboard */,
				260A2857213CE44B00FBDE8D /* Assets.xcassets */,
				260A2859213CE44B00FBDE8D /* LaunchScreen.storyboard */,
				260A285C213CE44B00FBDE8D /* Info.plist */,
			);
			path = WYB;
			sourceTree = "<group>";
		};
		260A2864213CE44B00FBDE8D /* WYBTests */ = {
			isa = PBXGroup;
			children = (
				260A2865213CE44B00FBDE8D /* WYBTests.swift */,
				260A2867213CE44B00FBDE8D /* Info.plist */,
			);
			path = WYBTests;
			sourceTree = "<group>";
		};
		260A286F213CE44B00FBDE8D /* WYBUITests */ = {
			isa = PBXGroup;
			children = (
				260A2870213CE44B00FBDE8D /* WYBUITests.swift */,
				260A2872213CE44B00FBDE8D /* Info.plist */,
			);
			path = WYBUITests;
			sourceTree = "<group>";
		};
		26685A85213CF8BC00988B68 /* Model */ = {
			isa = PBXGroup;
			children = (
				26685A86213CF92700988B68 /* NetworkClient.swift */,
			);
			path = Model;
			sourceTree = "<group>";
		};
		26B032DD213CEA39005D9CC7 /* ViewControllers */ = {
			isa = PBXGroup;
			children = (
				26B032E0213CEBDF005D9CC7 /* LoginViewController.swift */,
				26F9DFD9214078430035F1A5 /* RequestsViewController.swift */,
				26F9DFDF2140791A0035F1A5 /* RequestCell.swift */,
				266EA87D2141AD2000F3ED3F /* SingleRequestViewController.swift */,
				266EA87F2141AF1500F3ED3F /* SingleRequestCollectionViewCell.swift */,
				266EA8812141CE8C00F3ED3F /* MyWalksViewController.swift */,
				266EA8832141DF6200F3ED3F /* SettingsViewController.swift */,
			);
			path = ViewControllers;
			sourceTree = "<group>";
		};
		9186D87AE09B70F6C1543B54 /* Frameworks */ = {
			isa = PBXGroup;
			children = (
				4DABDE7F8FA9D1BADB49E746 /* Pods_WYB.framework */,
				5F857D3E61D5B1FF5AAB6BB6 /* Pods_WYBTests.framework */,
				1C99A1BC048FC2A10E3FF861 /* Pods_WYBUITests.framework */,
			);
			name = Frameworks;
			sourceTree = "<group>";
		};
		F717D29B1762AC96BB85B8EB /* Pods */ = {
			isa = PBXGroup;
			children = (
				96E22446576111C64C3684B9 /* Pods-WYB.debug.xcconfig */,
				87E60252037EAFCCF59DE140 /* Pods-WYB.release.xcconfig */,
				A0DF9CE36A06F8053CC72274 /* Pods-WYBTests.debug.xcconfig */,
				ADB6A644DA5A80300F4C174D /* Pods-WYBTests.release.xcconfig */,
				375C5429143B6B03962FF259 /* Pods-WYBUITests.debug.xcconfig */,
				042A64472C1B65C3E9B4D01C /* Pods-WYBUITests.release.xcconfig */,
			);
			name = Pods;
			sourceTree = "<group>";
		};
/* End PBXGroup section */

/* Begin PBXNativeTarget section */
		260A284C213CE44800FBDE8D /* WYB */ = {
			isa = PBXNativeTarget;
			buildConfigurationList = 260A2875213CE44B00FBDE8D /* Build configuration list for PBXNativeTarget "WYB" */;
			buildPhases = (
				65A00847617D70D1BB67B867 /* [CP] Check Pods Manifest.lock */,
				260A2849213CE44800FBDE8D /* Sources */,
				260A284A213CE44800FBDE8D /* Frameworks */,
				260A284B213CE44800FBDE8D /* Resources */,
				7DD496A7DF6ED89E2543EB89 /* [CP] Embed Pods Frameworks */,
			);
			buildRules = (
			);
			dependencies = (
			);
			name = WYB;
			productName = WYB;
			productReference = 260A284D213CE44800FBDE8D /* WYB.app */;
			productType = "com.apple.product-type.application";
		};
		260A2860213CE44B00FBDE8D /* WYBTests */ = {
			isa = PBXNativeTarget;
			buildConfigurationList = 260A2878213CE44B00FBDE8D /* Build configuration list for PBXNativeTarget "WYBTests" */;
			buildPhases = (
				66256BA7DA36A2D871054561 /* [CP] Check Pods Manifest.lock */,
				260A285D213CE44B00FBDE8D /* Sources */,
				260A285E213CE44B00FBDE8D /* Frameworks */,
				260A285F213CE44B00FBDE8D /* Resources */,
			);
			buildRules = (
			);
			dependencies = (
				260A2863213CE44B00FBDE8D /* PBXTargetDependency */,
			);
			name = WYBTests;
			productName = WYBTests;
			productReference = 260A2861213CE44B00FBDE8D /* WYBTests.xctest */;
			productType = "com.apple.product-type.bundle.unit-test";
		};
		260A286B213CE44B00FBDE8D /* WYBUITests */ = {
			isa = PBXNativeTarget;
			buildConfigurationList = 260A287B213CE44B00FBDE8D /* Build configuration list for PBXNativeTarget "WYBUITests" */;
			buildPhases = (
				4366DC7E26E42EEA219BDE1A /* [CP] Check Pods Manifest.lock */,
				260A2868213CE44B00FBDE8D /* Sources */,
				260A2869213CE44B00FBDE8D /* Frameworks */,
				260A286A213CE44B00FBDE8D /* Resources */,
			);
			buildRules = (
			);
			dependencies = (
				260A286E213CE44B00FBDE8D /* PBXTargetDependency */,
			);
			name = WYBUITests;
			productName = WYBUITests;
			productReference = 260A286C213CE44B00FBDE8D /* WYBUITests.xctest */;
			productType = "com.apple.product-type.bundle.ui-testing";
		};
/* End PBXNativeTarget section */

/* Begin PBXProject section */
		260A2845213CE44800FBDE8D /* Project object */ = {
			isa = PBXProject;
			attributes = {
				LastSwiftUpdateCheck = 0940;
				LastUpgradeCheck = 0940;
				ORGANIZATIONNAME = "Priscilla Okawa";
				TargetAttributes = {
					260A284C213CE44800FBDE8D = {
						CreatedOnToolsVersion = 9.4.1;
					};
					260A2860213CE44B00FBDE8D = {
						CreatedOnToolsVersion = 9.4.1;
						TestTargetID = 260A284C213CE44800FBDE8D;
					};
					260A286B213CE44B00FBDE8D = {
						CreatedOnToolsVersion = 9.4.1;
						TestTargetID = 260A284C213CE44800FBDE8D;
					};
				};
			};
			buildConfigurationList = 260A2848213CE44800FBDE8D /* Build configuration list for PBXProject "WYB" */;
			compatibilityVersion = "Xcode 9.3";
			developmentRegion = en;
			hasScannedForEncodings = 0;
			knownRegions = (
				en,
				Base,
			);
			mainGroup = 260A2844213CE44800FBDE8D;
			productRefGroup = 260A284E213CE44800FBDE8D /* Products */;
			projectDirPath = "";
			projectRoot = "";
			targets = (
				260A284C213CE44800FBDE8D /* WYB */,
				260A2860213CE44B00FBDE8D /* WYBTests */,
				260A286B213CE44B00FBDE8D /* WYBUITests */,
			);
		};
/* End PBXProject section */

/* Begin PBXResourcesBuildPhase section */
		260A284B213CE44800FBDE8D /* Resources */ = {
			isa = PBXResourcesBuildPhase;
			buildActionMask = 2147483647;
			files = (
				260A285B213CE44B00FBDE8D /* LaunchScreen.storyboard in Resources */,
				260A2858213CE44B00FBDE8D /* Assets.xcassets in Resources */,
				260A2856213CE44800FBDE8D /* Main.storyboard in Resources */,
			);
			runOnlyForDeploymentPostprocessing = 0;
		};
		260A285F213CE44B00FBDE8D /* Resources */ = {
			isa = PBXResourcesBuildPhase;
			buildActionMask = 2147483647;
			files = (
			);
			runOnlyForDeploymentPostprocessing = 0;
		};
		260A286A213CE44B00FBDE8D /* Resources */ = {
			isa = PBXResourcesBuildPhase;
			buildActionMask = 2147483647;
			files = (
			);
			runOnlyForDeploymentPostprocessing = 0;
		};
/* End PBXResourcesBuildPhase section */

/* Begin PBXShellScriptBuildPhase section */
		4366DC7E26E42EEA219BDE1A /* [CP] Check Pods Manifest.lock */ = {
			isa = PBXShellScriptBuildPhase;
			buildActionMask = 2147483647;
			files = (
			);
			inputFileListPaths = (
			);
			inputPaths = (
				"${PODS_PODFILE_DIR_PATH}/Podfile.lock",
				"${PODS_ROOT}/Manifest.lock",
			);
			name = "[CP] Check Pods Manifest.lock";
			outputFileListPaths = (
			);
			outputPaths = (
				"$(DERIVED_FILE_DIR)/Pods-WYBUITests-checkManifestLockResult.txt",
			);
			runOnlyForDeploymentPostprocessing = 0;
			shellPath = /bin/sh;
			shellScript = "diff \"${PODS_PODFILE_DIR_PATH}/Podfile.lock\" \"${PODS_ROOT}/Manifest.lock\" > /dev/null\nif [ $? != 0 ] ; then\n    # print error to STDERR\n    echo \"error: The sandbox is not in sync with the Podfile.lock. Run 'pod install' or update your CocoaPods installation.\" >&2\n    exit 1\nfi\n# This output is used by Xcode 'outputs' to avoid re-running this script phase.\necho \"SUCCESS\" > \"${SCRIPT_OUTPUT_FILE_0}\"\n";
			showEnvVarsInLog = 0;
		};
		65A00847617D70D1BB67B867 /* [CP] Check Pods Manifest.lock */ = {
			isa = PBXShellScriptBuildPhase;
			buildActionMask = 2147483647;
			files = (
			);
			inputFileListPaths = (
			);
			inputPaths = (
				"${PODS_PODFILE_DIR_PATH}/Podfile.lock",
				"${PODS_ROOT}/Manifest.lock",
			);
			name = "[CP] Check Pods Manifest.lock";
			outputFileListPaths = (
			);
			outputPaths = (
				"$(DERIVED_FILE_DIR)/Pods-WYB-checkManifestLockResult.txt",
			);
			runOnlyForDeploymentPostprocessing = 0;
			shellPath = /bin/sh;
			shellScript = "diff \"${PODS_PODFILE_DIR_PATH}/Podfile.lock\" \"${PODS_ROOT}/Manifest.lock\" > /dev/null\nif [ $? != 0 ] ; then\n    # print error to STDERR\n    echo \"error: The sandbox is not in sync with the Podfile.lock. Run 'pod install' or update your CocoaPods installation.\" >&2\n    exit 1\nfi\n# This output is used by Xcode 'outputs' to avoid re-running this script phase.\necho \"SUCCESS\" > \"${SCRIPT_OUTPUT_FILE_0}\"\n";
			showEnvVarsInLog = 0;
		};
		66256BA7DA36A2D871054561 /* [CP] Check Pods Manifest.lock */ = {
			isa = PBXShellScriptBuildPhase;
			buildActionMask = 2147483647;
			files = (
			);
			inputFileListPaths = (
			);
			inputPaths = (
				"${PODS_PODFILE_DIR_PATH}/Podfile.lock",
				"${PODS_ROOT}/Manifest.lock",
			);
			name = "[CP] Check Pods Manifest.lock";
			outputFileListPaths = (
			);
			outputPaths = (
				"$(DERIVED_FILE_DIR)/Pods-WYBTests-checkManifestLockResult.txt",
			);
			runOnlyForDeploymentPostprocessing = 0;
			shellPath = /bin/sh;
			shellScript = "diff \"${PODS_PODFILE_DIR_PATH}/Podfile.lock\" \"${PODS_ROOT}/Manifest.lock\" > /dev/null\nif [ $? != 0 ] ; then\n    # print error to STDERR\n    echo \"error: The sandbox is not in sync with the Podfile.lock. Run 'pod install' or update your CocoaPods installation.\" >&2\n    exit 1\nfi\n# This output is used by Xcode 'outputs' to avoid re-running this script phase.\necho \"SUCCESS\" > \"${SCRIPT_OUTPUT_FILE_0}\"\n";
			showEnvVarsInLog = 0;
		};
		7DD496A7DF6ED89E2543EB89 /* [CP] Embed Pods Frameworks */ = {
			isa = PBXShellScriptBuildPhase;
			buildActionMask = 2147483647;
			files = (
			);
			inputFileListPaths = (
			);
			inputPaths = (
				"${SRCROOT}/Pods/Target Support Files/Pods-WYB/Pods-WYB-frameworks.sh",
				"${BUILT_PRODUCTS_DIR}/Alamofire/Alamofire.framework",
			);
			name = "[CP] Embed Pods Frameworks";
			outputFileListPaths = (
			);
			outputPaths = (
				"${TARGET_BUILD_DIR}/${FRAMEWORKS_FOLDER_PATH}/Alamofire.framework",
			);
			runOnlyForDeploymentPostprocessing = 0;
			shellPath = /bin/sh;
			shellScript = "\"${SRCROOT}/Pods/Target Support Files/Pods-WYB/Pods-WYB-frameworks.sh\"\n";
			showEnvVarsInLog = 0;
		};
/* End PBXShellScriptBuildPhase section */

/* Begin PBXSourcesBuildPhase section */
		260A2849213CE44800FBDE8D /* Sources */ = {
			isa = PBXSourcesBuildPhase;
			buildActionMask = 2147483647;
			files = (
				266EA8822141CE8C00F3ED3F /* MyWalksViewController.swift in Sources */,
				26B032E1213CEBDF005D9CC7 /* LoginViewController.swift in Sources */,
				260A2851213CE44800FBDE8D /* AppDelegate.swift in Sources */,
				266EA8842141DF6200F3ED3F /* SettingsViewController.swift in Sources */,
				266EA8802141AF1500F3ED3F /* SingleRequestCollectionViewCell.swift in Sources */,
				26F9DFE02140791A0035F1A5 /* RequestCell.swift in Sources */,
				26F9DFDA214078430035F1A5 /* RequestsViewController.swift in Sources */,
				266EA87E2141AD2000F3ED3F /* SingleRequestViewController.swift in Sources */,
				26685A87213CF92700988B68 /* NetworkClient.swift in Sources */,
			);
			runOnlyForDeploymentPostprocessing = 0;
		};
		260A285D213CE44B00FBDE8D /* Sources */ = {
			isa = PBXSourcesBuildPhase;
			buildActionMask = 2147483647;
			files = (
				260A2866213CE44B00FBDE8D /* WYBTests.swift in Sources */,
			);
			runOnlyForDeploymentPostprocessing = 0;
		};
		260A2868213CE44B00FBDE8D /* Sources */ = {
			isa = PBXSourcesBuildPhase;
			buildActionMask = 2147483647;
			files = (
				260A2871213CE44B00FBDE8D /* WYBUITests.swift in Sources */,
			);
			runOnlyForDeploymentPostprocessing = 0;
		};
/* End PBXSourcesBuildPhase section */

/* Begin PBXTargetDependency section */
		260A2863213CE44B00FBDE8D /* PBXTargetDependency */ = {
			isa = PBXTargetDependency;
			target = 260A284C213CE44800FBDE8D /* WYB */;
			targetProxy = 260A2862213CE44B00FBDE8D /* PBXContainerItemProxy */;
		};
		260A286E213CE44B00FBDE8D /* PBXTargetDependency */ = {
			isa = PBXTargetDependency;
			target = 260A284C213CE44800FBDE8D /* WYB */;
			targetProxy = 260A286D213CE44B00FBDE8D /* PBXContainerItemProxy */;
		};
/* End PBXTargetDependency section */

/* Begin PBXVariantGroup section */
		260A2854213CE44800FBDE8D /* Main.storyboard */ = {
			isa = PBXVariantGroup;
			children = (
				260A2855213CE44800FBDE8D /* Base */,
			);
			name = Main.storyboard;
			sourceTree = "<group>";
		};
		260A2859213CE44B00FBDE8D /* LaunchScreen.storyboard */ = {
			isa = PBXVariantGroup;
			children = (
				260A285A213CE44B00FBDE8D /* Base */,
			);
			name = LaunchScreen.storyboard;
			sourceTree = "<group>";
		};
/* End PBXVariantGroup section */

/* Begin XCBuildConfiguration section */
		260A2873213CE44B00FBDE8D /* Debug */ = {
			isa = XCBuildConfiguration;
			buildSettings = {
				ALWAYS_SEARCH_USER_PATHS = NO;
				CLANG_ANALYZER_NONNULL = YES;
				CLANG_ANALYZER_NUMBER_OBJECT_CONVERSION = YES_AGGRESSIVE;
				CLANG_CXX_LANGUAGE_STANDARD = "gnu++14";
				CLANG_CXX_LIBRARY = "libc++";
				CLANG_ENABLE_MODULES = YES;
				CLANG_ENABLE_OBJC_ARC = YES;
				CLANG_ENABLE_OBJC_WEAK = YES;
				CLANG_WARN_BLOCK_CAPTURE_AUTORELEASING = YES;
				CLANG_WARN_BOOL_CONVERSION = YES;
				CLANG_WARN_COMMA = YES;
				CLANG_WARN_CONSTANT_CONVERSION = YES;
				CLANG_WARN_DEPRECATED_OBJC_IMPLEMENTATIONS = YES;
				CLANG_WARN_DIRECT_OBJC_ISA_USAGE = YES_ERROR;
				CLANG_WARN_DOCUMENTATION_COMMENTS = YES;
				CLANG_WARN_EMPTY_BODY = YES;
				CLANG_WARN_ENUM_CONVERSION = YES;
				CLANG_WARN_INFINITE_RECURSION = YES;
				CLANG_WARN_INT_CONVERSION = YES;
				CLANG_WARN_NON_LITERAL_NULL_CONVERSION = YES;
				CLANG_WARN_OBJC_IMPLICIT_RETAIN_SELF = YES;
				CLANG_WARN_OBJC_LITERAL_CONVERSION = YES;
				CLANG_WARN_OBJC_ROOT_CLASS = YES_ERROR;
				CLANG_WARN_RANGE_LOOP_ANALYSIS = YES;
				CLANG_WARN_STRICT_PROTOTYPES = YES;
				CLANG_WARN_SUSPICIOUS_MOVE = YES;
				CLANG_WARN_UNGUARDED_AVAILABILITY = YES_AGGRESSIVE;
				CLANG_WARN_UNREACHABLE_CODE = YES;
				CLANG_WARN__DUPLICATE_METHOD_MATCH = YES;
				CODE_SIGN_IDENTITY = "iPhone Developer";
				COPY_PHASE_STRIP = NO;
				DEBUG_INFORMATION_FORMAT = dwarf;
				ENABLE_STRICT_OBJC_MSGSEND = YES;
				ENABLE_TESTABILITY = YES;
				GCC_C_LANGUAGE_STANDARD = gnu11;
				GCC_DYNAMIC_NO_PIC = NO;
				GCC_NO_COMMON_BLOCKS = YES;
				GCC_OPTIMIZATION_LEVEL = 0;
				GCC_PREPROCESSOR_DEFINITIONS = (
					"DEBUG=1",
					"$(inherited)",
				);
				GCC_WARN_64_TO_32_BIT_CONVERSION = YES;
				GCC_WARN_ABOUT_RETURN_TYPE = YES_ERROR;
				GCC_WARN_UNDECLARED_SELECTOR = YES;
				GCC_WARN_UNINITIALIZED_AUTOS = YES_AGGRESSIVE;
				GCC_WARN_UNUSED_FUNCTION = YES;
				GCC_WARN_UNUSED_VARIABLE = YES;
				IPHONEOS_DEPLOYMENT_TARGET = 11.4;
				MTL_ENABLE_DEBUG_INFO = YES;
				ONLY_ACTIVE_ARCH = YES;
				SDKROOT = iphoneos;
				SWIFT_ACTIVE_COMPILATION_CONDITIONS = DEBUG;
				SWIFT_OPTIMIZATION_LEVEL = "-Onone";
			};
			name = Debug;
		};
		260A2874213CE44B00FBDE8D /* Release */ = {
			isa = XCBuildConfiguration;
			buildSettings = {
				ALWAYS_SEARCH_USER_PATHS = NO;
				CLANG_ANALYZER_NONNULL = YES;
				CLANG_ANALYZER_NUMBER_OBJECT_CONVERSION = YES_AGGRESSIVE;
				CLANG_CXX_LANGUAGE_STANDARD = "gnu++14";
				CLANG_CXX_LIBRARY = "libc++";
				CLANG_ENABLE_MODULES = YES;
				CLANG_ENABLE_OBJC_ARC = YES;
				CLANG_ENABLE_OBJC_WEAK = YES;
				CLANG_WARN_BLOCK_CAPTURE_AUTORELEASING = YES;
				CLANG_WARN_BOOL_CONVERSION = YES;
				CLANG_WARN_COMMA = YES;
				CLANG_WARN_CONSTANT_CONVERSION = YES;
				CLANG_WARN_DEPRECATED_OBJC_IMPLEMENTATIONS = YES;
				CLANG_WARN_DIRECT_OBJC_ISA_USAGE = YES_ERROR;
				CLANG_WARN_DOCUMENTATION_COMMENTS = YES;
				CLANG_WARN_EMPTY_BODY = YES;
				CLANG_WARN_ENUM_CONVERSION = YES;
				CLANG_WARN_INFINITE_RECURSION = YES;
				CLANG_WARN_INT_CONVERSION = YES;
				CLANG_WARN_NON_LITERAL_NULL_CONVERSION = YES;
				CLANG_WARN_OBJC_IMPLICIT_RETAIN_SELF = YES;
				CLANG_WARN_OBJC_LITERAL_CONVERSION = YES;
				CLANG_WARN_OBJC_ROOT_CLASS = YES_ERROR;
				CLANG_WARN_RANGE_LOOP_ANALYSIS = YES;
				CLANG_WARN_STRICT_PROTOTYPES = YES;
				CLANG_WARN_SUSPICIOUS_MOVE = YES;
				CLANG_WARN_UNGUARDED_AVAILABILITY = YES_AGGRESSIVE;
				CLANG_WARN_UNREACHABLE_CODE = YES;
				CLANG_WARN__DUPLICATE_METHOD_MATCH = YES;
				CODE_SIGN_IDENTITY = "iPhone Developer";
				COPY_PHASE_STRIP = NO;
				DEBUG_INFORMATION_FORMAT = "dwarf-with-dsym";
				ENABLE_NS_ASSERTIONS = NO;
				ENABLE_STRICT_OBJC_MSGSEND = YES;
				GCC_C_LANGUAGE_STANDARD = gnu11;
				GCC_NO_COMMON_BLOCKS = YES;
				GCC_WARN_64_TO_32_BIT_CONVERSION = YES;
				GCC_WARN_ABOUT_RETURN_TYPE = YES_ERROR;
				GCC_WARN_UNDECLARED_SELECTOR = YES;
				GCC_WARN_UNINITIALIZED_AUTOS = YES_AGGRESSIVE;
				GCC_WARN_UNUSED_FUNCTION = YES;
				GCC_WARN_UNUSED_VARIABLE = YES;
				IPHONEOS_DEPLOYMENT_TARGET = 11.4;
				MTL_ENABLE_DEBUG_INFO = NO;
				SDKROOT = iphoneos;
				SWIFT_COMPILATION_MODE = wholemodule;
				SWIFT_OPTIMIZATION_LEVEL = "-O";
				VALIDATE_PRODUCT = YES;
			};
			name = Release;
		};
		260A2876213CE44B00FBDE8D /* Debug */ = {
			isa = XCBuildConfiguration;
			baseConfigurationReference = 96E22446576111C64C3684B9 /* Pods-WYB.debug.xcconfig */;
			buildSettings = {
				ASSETCATALOG_COMPILER_APPICON_NAME = AppIcon;
				CODE_SIGN_IDENTITY = "iPhone Developer";
				CODE_SIGN_STYLE = Automatic;
				DEVELOPMENT_TEAM = "";
				INFOPLIST_FILE = WYB/Info.plist;
				LD_RUNPATH_SEARCH_PATHS = (
					"$(inherited)",
					"@executable_path/Frameworks",
				);
				PRODUCT_BUNDLE_IDENTIFIER = com.WYB.prisoka;
				PRODUCT_NAME = "$(TARGET_NAME)";
				PROVISIONING_PROFILE_SPECIFIER = "";
				SWIFT_VERSION = 4.0;
				TARGETED_DEVICE_FAMILY = "1,2";
			};
			name = Debug;
		};
		260A2877213CE44B00FBDE8D /* Release */ = {
			isa = XCBuildConfiguration;
			baseConfigurationReference = 87E60252037EAFCCF59DE140 /* Pods-WYB.release.xcconfig */;
			buildSettings = {
				ASSETCATALOG_COMPILER_APPICON_NAME = AppIcon;
				CODE_SIGN_IDENTITY = "iPhone Developer";
				CODE_SIGN_STYLE = Automatic;
				DEVELOPMENT_TEAM = "";
				INFOPLIST_FILE = WYB/Info.plist;
				LD_RUNPATH_SEARCH_PATHS = (
					"$(inherited)",
					"@executable_path/Frameworks",
				);
				PRODUCT_BUNDLE_IDENTIFIER = com.WYB.prisoka;
				PRODUCT_NAME = "$(TARGET_NAME)";
				PROVISIONING_PROFILE_SPECIFIER = "";
				SWIFT_VERSION = 4.0;
				TARGETED_DEVICE_FAMILY = "1,2";
			};
			name = Release;
		};
		260A2879213CE44B00FBDE8D /* Debug */ = {
			isa = XCBuildConfiguration;
			baseConfigurationReference = A0DF9CE36A06F8053CC72274 /* Pods-WYBTests.debug.xcconfig */;
			buildSettings = {
				ALWAYS_EMBED_SWIFT_STANDARD_LIBRARIES = YES;
				BUNDLE_LOADER = "$(TEST_HOST)";
				CODE_SIGN_STYLE = Automatic;
				INFOPLIST_FILE = WYBTests/Info.plist;
				LD_RUNPATH_SEARCH_PATHS = (
					"$(inherited)",
					"@executable_path/Frameworks",
					"@loader_path/Frameworks",
				);
				PRODUCT_BUNDLE_IDENTIFIER = personal.WYBTests;
				PRODUCT_NAME = "$(TARGET_NAME)";
				SWIFT_VERSION = 4.0;
				TARGETED_DEVICE_FAMILY = "1,2";
				TEST_HOST = "$(BUILT_PRODUCTS_DIR)/WYB.app/WYB";
			};
			name = Debug;
		};
		260A287A213CE44B00FBDE8D /* Release */ = {
			isa = XCBuildConfiguration;
			baseConfigurationReference = ADB6A644DA5A80300F4C174D /* Pods-WYBTests.release.xcconfig */;
			buildSettings = {
				ALWAYS_EMBED_SWIFT_STANDARD_LIBRARIES = YES;
				BUNDLE_LOADER = "$(TEST_HOST)";
				CODE_SIGN_STYLE = Automatic;
				INFOPLIST_FILE = WYBTests/Info.plist;
				LD_RUNPATH_SEARCH_PATHS = (
					"$(inherited)",
					"@executable_path/Frameworks",
					"@loader_path/Frameworks",
				);
				PRODUCT_BUNDLE_IDENTIFIER = personal.WYBTests;
				PRODUCT_NAME = "$(TARGET_NAME)";
				SWIFT_VERSION = 4.0;
				TARGETED_DEVICE_FAMILY = "1,2";
				TEST_HOST = "$(BUILT_PRODUCTS_DIR)/WYB.app/WYB";
			};
			name = Release;
		};
		260A287C213CE44B00FBDE8D /* Debug */ = {
			isa = XCBuildConfiguration;
			baseConfigurationReference = 375C5429143B6B03962FF259 /* Pods-WYBUITests.debug.xcconfig */;
			buildSettings = {
				ALWAYS_EMBED_SWIFT_STANDARD_LIBRARIES = YES;
				CODE_SIGN_STYLE = Automatic;
				INFOPLIST_FILE = WYBUITests/Info.plist;
				LD_RUNPATH_SEARCH_PATHS = (
					"$(inherited)",
					"@executable_path/Frameworks",
					"@loader_path/Frameworks",
				);
				PRODUCT_BUNDLE_IDENTIFIER = personal.WYBUITests;
				PRODUCT_NAME = "$(TARGET_NAME)";
				SWIFT_VERSION = 4.0;
				TARGETED_DEVICE_FAMILY = "1,2";
				TEST_TARGET_NAME = WYB;
			};
			name = Debug;
		};
		260A287D213CE44B00FBDE8D /* Release */ = {
			isa = XCBuildConfiguration;
			baseConfigurationReference = 042A64472C1B65C3E9B4D01C /* Pods-WYBUITests.release.xcconfig */;
			buildSettings = {
				ALWAYS_EMBED_SWIFT_STANDARD_LIBRARIES = YES;
				CODE_SIGN_STYLE = Automatic;
				INFOPLIST_FILE = WYBUITests/Info.plist;
				LD_RUNPATH_SEARCH_PATHS = (
					"$(inherited)",
					"@executable_path/Frameworks",
					"@loader_path/Frameworks",
				);
				PRODUCT_BUNDLE_IDENTIFIER = personal.WYBUITests;
				PRODUCT_NAME = "$(TARGET_NAME)";
				SWIFT_VERSION = 4.0;
				TARGETED_DEVICE_FAMILY = "1,2";
				TEST_TARGET_NAME = WYB;
			};
			name = Release;
		};
/* End XCBuildConfiguration section */

/* Begin XCConfigurationList section */
		260A2848213CE44800FBDE8D /* Build configuration list for PBXProject "WYB" */ = {
			isa = XCConfigurationList;
			buildConfigurations = (
				260A2873213CE44B00FBDE8D /* Debug */,
				260A2874213CE44B00FBDE8D /* Release */,
			);
			defaultConfigurationIsVisible = 0;
			defaultConfigurationName = Release;
		};
		260A2875213CE44B00FBDE8D /* Build configuration list for PBXNativeTarget "WYB" */ = {
			isa = XCConfigurationList;
			buildConfigurations = (
				260A2876213CE44B00FBDE8D /* Debug */,
				260A2877213CE44B00FBDE8D /* Release */,
			);
			defaultConfigurationIsVisible = 0;
			defaultConfigurationName = Release;
		};
		260A2878213CE44B00FBDE8D /* Build configuration list for PBXNativeTarget "WYBTests" */ = {
			isa = XCConfigurationList;
			buildConfigurations = (
				260A2879213CE44B00FBDE8D /* Debug */,
				260A287A213CE44B00FBDE8D /* Release */,
			);
			defaultConfigurationIsVisible = 0;
			defaultConfigurationName = Release;
		};
		260A287B213CE44B00FBDE8D /* Build configuration list for PBXNativeTarget "WYBUITests" */ = {
			isa = XCConfigurationList;
			buildConfigurations = (
				260A287C213CE44B00FBDE8D /* Debug */,
				260A287D213CE44B00FBDE8D /* Release */,
			);
			defaultConfigurationIsVisible = 0;
			defaultConfigurationName = Release;
		};
/* End XCConfigurationList section */
	};
	rootObject = 260A2845213CE44800FBDE8D /* Project object */;
}
